{
  "name": "toonapi-calculator",
  "version": "1.7.6",
  "lockfileVersion": 3,
  "requires": true,
  "packages": {
    "": {
      "name": "toonapi-calculator",
      "version": "1.7.6",
      "license": "GPL-3.0",
      "dependencies": {
        "toonapi-calculator": "file:"
      }
    },
    "node_modules/toonapi-calculator": {
      "resolved": "",
      "link": true
    }
  }
}
